
Microsoft Visual Studio Solution File, Format Version 12.00
# Visual Studio Version 17
VisualStudioVersion = 17.14.36408.4 d17.14
MinimumVisualStudioVersion = 10.0.40219.1
Project("{FAE04EC0-301F-11D3-BF4B-00C04F79EFBC}") = "WinFormsApp4", "WinFormsApp4.csproj", "{479699A4-5272-4A35-90BA-CE227B4962A3}"
EndProject
Global
	GlobalSection(SolutionConfigurationPlatforms) = preSolution
		Debug|Any CPU = Debug|Any CPU
		Release|Any CPU = Release|Any CPU
	EndGlobalSection
	GlobalSection(ProjectConfigurationPlatforms) = postSolution
		{479699A4-5272-4A35-90BA-CE227B4962A3}.Debug|Any CPU.ActiveCfg = Debug|Any CPU
		{479699A4-5272-4A35-90BA-CE227B4962A3}.Debug|Any CPU.Build.0 = Debug|Any CPU
		{479699A4-5272-4A35-90BA-CE227B4962A3}.Release|Any CPU.ActiveCfg = Release|Any CPU
		{479699A4-5272-4A35-90BA-CE227B4962A3}.Release|Any CPU.Build.0 = Release|Any CPU
	EndGlobalSection
	GlobalSection(SolutionProperties) = preSolution
		HideSolutionNode = FALSE
	EndGlobalSection
	GlobalSection(ExtensibilityGlobals) = postSolution
		SolutionGuid = {751B4FA4-3016-40FE-BE85-DD84F4443179}
	EndGlobalSection
EndGlobal
